PODS:
  - ContentfulDialogs (2):
    - markymark
  - markymark (7.2.2)

DEPENDENCIES:
  - ContentfulDialogs (from `../`)

SPEC REPOS:
  https://github.com/cocoapods/specs.git:
    - markymark

EXTERNAL SOURCES:
  ContentfulDialogs:
    :path: "../"

SPEC CHECKSUMS:
  ContentfulDialogs: 0ed1cb97cc42ae45db36e68cbffef3f4d40258d0
  markymark: 74f98d43f4d655178f80df6efa7023b4a9e9f0f5

PODFILE CHECKSUM: 92f62007e0180330735f4db36203356f8d71111a

COCOAPODS: 1.5.3
