PODS:
  - ContentfulDialogs (2.0.0):
    - markymark
  - markymark (7.2.2)

DEPENDENCIES:
  - ContentfulDialogs (from `../`)

SPEC REPOS:
  https://github.com/cocoapods/specs.git:
    - markymark

EXTERNAL SOURCES:
  ContentfulDialogs:
    :path: "../"

SPEC CHECKSUMS:
  ContentfulDialogs: 9adf5015ced1acc17a8d448a5d731db9b1c0ba29
  markymark: 74f98d43f4d655178f80df6efa7023b4a9e9f0f5

PODFILE CHECKSUM: 354d081fb90793a273469709394cf92699f99eda

COCOAPODS: 1.5.3
